
Microsoft Visual Studio Solution File, Format Version 12.00
# Visual Studio Version 17
VisualStudioVersion = 17.14.36310.24 d17.14
MinimumVisualStudioVersion = 10.0.40219.1
Project("{FAE04EC0-301F-11D3-BF4B-00C04F79EFBC}") = "WebEditor", "WebEditor.csproj", "{EBC4BF0B-2A60-4E36-9E97-CAE71A29BA9E}"
EndProject
Global
	GlobalSection(SolutionConfigurationPlatforms) = preSolution
		Debug|Any CPU = Debug|Any CPU
		Release|Any CPU = Release|Any CPU
	EndGlobalSection
	GlobalSection(ProjectConfigurationPlatforms) = postSolution
		{EBC4BF0B-2A60-4E36-9E97-CAE71A29BA9E}.Debug|Any CPU.ActiveCfg = Debug|Any CPU
		{EBC4BF0B-2A60-4E36-9E97-CAE71A29BA9E}.Debug|Any CPU.Build.0 = Debug|Any CPU
		{EBC4BF0B-2A60-4E36-9E97-CAE71A29BA9E}.Release|Any CPU.ActiveCfg = Release|Any CPU
		{EBC4BF0B-2A60-4E36-9E97-CAE71A29BA9E}.Release|Any CPU.Build.0 = Release|Any CPU
	EndGlobalSection
	GlobalSection(SolutionProperties) = preSolution
		HideSolutionNode = FALSE
	EndGlobalSection
	GlobalSection(ExtensibilityGlobals) = postSolution
		SolutionGuid = {85948EB7-F0F3-454B-B904-4738A209F738}
	EndGlobalSection
EndGlobal
